{
  "nodes": {
    "kai-source-bitcoin-qr": {
      "flake": false,
      "locked": {
        "lastModified": 499162500,
        "narHash": "sha256-a9xwheteMpB0pb2jy/YD1Qad40RENF0BYDI+MWDpauU=",
        "type": "tarball",
        "url": "https://registry.npmjs.org/bitcoin-qr/-/bitcoin-qr-1.4.1.tgz"
      },
      "original": {
        "type": "tarball",
        "url": "https://registry.npmjs.org/bitcoin-qr/-/bitcoin-qr-1.4.1.tgz"
      }
    },
    "nixpkgs": {
      "locked": {
        "lastModified": 1787498568,
        "narHash": "sha256-9i/VTdusq/+NM/tz+J1Re+ojkMB8MBf0QshnYfzHz30=",
        "owner": "NixOS",
        "repo": "nixpkgs",
        "rev": "56c02bc00adcf003215cc4bd996d6efaf4cff188",
        "type": "github"
      },
      "original": {
        "owner": "NixOS",
        "ref": "nixos-unstable",
        "repo": "nixpkgs",
        "type": "github"
      }
    },
    "nixpkgs-darwin": {
      "locked": {
        "lastModified": 1783945712,
        "narHash": "sha256-ePHSbY7/7fNdOA2CE8J4T9Jt7xRrX87N2mlKd8EsYdM=",
        "owner": "NixOS",
        "repo": "nixpkgs",
        "rev": "293d01ba488ddb4c3560ba7c8de1fbec7047f78c",
        "type": "github"
      },
      "original": {
        "owner": "NixOS",
        "ref": "nixpkgs-26.05-darwin",
        "repo": "nixpkgs",
        "type": "github"
      }
    },
    "nixpkgs_2": {
      "locked": {
        "lastModified": 1784007870,
        "narHash": "sha256-djcLt/JJphyNt4eDY9XTly+/WbCK5lqWq9lSgCmJkkQ=",
        "owner": "NixOS",
        "repo": "nixpkgs",
        "rev": "18b9261cb3294b6d2a06d03f96872827b8fe2698",
        "type": "github"
      },
      "original": {
        "owner": "NixOS",
        "ref": "nixos-unstable",
        "repo": "nixpkgs",
        "type": "github"
      }
    },
    "overlay0": {
      "inputs": {
        "nixpkgs": "nixpkgs_2",
        "nixpkgs-darwin": "nixpkgs-darwin"
      },
      "locked": {
        "lastModified": 1788452746,
        "narHash": "sha256-449ME686obQkRi0ujOad51uov6UxdT3RGXJspMuWq1Y=",
        "owner": "thebrandonlucas",
        "repo": "roc-overlay",
        "rev": "fad55022e28c365f0ab9e5d12de840f2f1c041fb",
        "type": "github"
      },
      "original": {
        "owner": "thebrandonlucas",
        "repo": "roc-overlay",
        "type": "github"
      }
    },
    "root": {
      "inputs": {
        "kai-source-bitcoin-qr": "kai-source-bitcoin-qr",
        "nixpkgs": "nixpkgs",
        "overlay0": "overlay0"
      }
    }
  },
  "root": "root",
  "version": 7
}
